
Microsoft Visual Studio Solution File, Format Version 12.00
# Visual Studio Version 17
VisualStudioVersion = 17.3.32929.385
MinimumVisualStudioVersion = 10.0.40219.1
Project("{8BC9CEB8-8B4A-11D0-8D11-00A0C91BC942}") = "ControlStructures", "ControlStructures\ControlStructures.vcxproj", "{81D04FC7-CF4E-4528-ADB2-8CDD309AFAF7}"
EndProject
Project("{8BC9CEB8-8B4A-11D0-8D11-00A0C91BC942}") = "FOR loop", "FOR loop\FOR loop.vcxproj", "{7900A4AB-7C27-43FE-A91A-E84481FFB76E}"
EndProject
Global
	GlobalSection(SolutionConfigurationPlatforms) = preSolution
		Debug|x64 = Debug|x64
		Debug|x86 = Debug|x86
		Release|x64 = Release|x64
		Release|x86 = Release|x86
	EndGlobalSection
	GlobalSection(ProjectConfigurationPlatforms) = postSolution
		{81D04FC7-CF4E-4528-ADB2-8CDD309AFAF7}.Debug|x64.ActiveCfg = Debug|x64
		{81D04FC7-CF4E-4528-ADB2-8CDD309AFAF7}.Debug|x64.Build.0 = Debug|x64
		{81D04FC7-CF4E-4528-ADB2-8CDD309AFAF7}.Debug|x86.ActiveCfg = Debug|Win32
		{81D04FC7-CF4E-4528-ADB2-8CDD309AFAF7}.Debug|x86.Build.0 = Debug|Win32
		{81D04FC7-CF4E-4528-ADB2-8CDD309AFAF7}.Release|x64.ActiveCfg = Release|x64
		{81D04FC7-CF4E-4528-ADB2-8CDD309AFAF7}.Release|x64.Build.0 = Release|x64
		{81D04FC7-CF4E-4528-ADB2-8CDD309AFAF7}.Release|x86.ActiveCfg = Release|Win32
		{81D04FC7-CF4E-4528-ADB2-8CDD309AFAF7}.Release|x86.Build.0 = Release|Win32
		{7900A4AB-7C27-43FE-A91A-E84481FFB76E}.Debug|x64.ActiveCfg = Debug|x64
		{7900A4AB-7C27-43FE-A91A-E84481FFB76E}.Debug|x64.Build.0 = Debug|x64
		{7900A4AB-7C27-43FE-A91A-E84481FFB76E}.Debug|x86.ActiveCfg = Debug|Win32
		{7900A4AB-7C27-43FE-A91A-E84481FFB76E}.Debug|x86.Build.0 = Debug|Win32
		{7900A4AB-7C27-43FE-A91A-E84481FFB76E}.Release|x64.ActiveCfg = Release|x64
		{7900A4AB-7C27-43FE-A91A-E84481FFB76E}.Release|x64.Build.0 = Release|x64
		{7900A4AB-7C27-43FE-A91A-E84481FFB76E}.Release|x86.ActiveCfg = Release|Win32
		{7900A4AB-7C27-43FE-A91A-E84481FFB76E}.Release|x86.Build.0 = Release|Win32
	EndGlobalSection
	GlobalSection(SolutionProperties) = preSolution
		HideSolutionNode = FALSE
	EndGlobalSection
	GlobalSection(ExtensibilityGlobals) = postSolution
		SolutionGuid = {5D3BF9AF-E8BA-4734-A903-F2A3292DA7C9}
	EndGlobalSection
EndGlobal
